
Microsoft Visual Studio Solution File, Format Version 12.00
# Visual Studio 15
VisualStudioVersion = 15.0.28010.2003
MinimumVisualStudioVersion = 10.0.40219.1
Project("{E24C65DC-7377-472B-9ABA-BC803B73C61A}") = "SerActivo", "SerActivo\", "{462FE5C3-E296-454A-AB35-AD4771CEED85}"
	ProjectSection(WebsiteProperties) = preProject
		TargetFrameworkMoniker = ".NETFramework,Version%3Dv4.6.1"
		Debug.AspNetCompiler.VirtualPath = "/localhost_51611"
		Debug.AspNetCompiler.PhysicalPath = "SerActivo\"
		Debug.AspNetCompiler.TargetPath = "PrecompiledWeb\localhost_51611\"
		Debug.AspNetCompiler.Updateable = "true"
		Debug.AspNetCompiler.ForceOverwrite = "true"
		Debug.AspNetCompiler.FixedNames = "false"
		Debug.AspNetCompiler.Debug = "True"
		Release.AspNetCompiler.VirtualPath = "/localhost_51611"
		Release.AspNetCompiler.PhysicalPath = "SerActivo\"
		Release.AspNetCompiler.TargetPath = "PrecompiledWeb\localhost_51611\"
		Release.AspNetCompiler.Updateable = "true"
		Release.AspNetCompiler.ForceOverwrite = "true"
		Release.AspNetCompiler.FixedNames = "false"
		Release.AspNetCompiler.Debug = "False"
		VWDPort = "51611"
		SlnRelativePath = "SerActivo\"
		DefaultWebSiteLanguage = "Visual C#"
	EndProjectSection
EndProject
Global
	GlobalSection(SolutionConfigurationPlatforms) = preSolution
		Debug|Any CPU = Debug|Any CPU
	EndGlobalSection
	GlobalSection(ProjectConfigurationPlatforms) = postSolution
		{462FE5C3-E296-454A-AB35-AD4771CEED85}.Debug|Any CPU.ActiveCfg = Debug|Any CPU
		{462FE5C3-E296-454A-AB35-AD4771CEED85}.Debug|Any CPU.Build.0 = Debug|Any CPU
	EndGlobalSection
	GlobalSection(SolutionProperties) = preSolution
		HideSolutionNode = FALSE
	EndGlobalSection
	GlobalSection(ExtensibilityGlobals) = postSolution
		SolutionGuid = {1E8F34EB-DCED-40E2-B12A-6DB95584285A}
	EndGlobalSection
EndGlobal
